// !$*UTF8*$!
{
	archiveVersion = 1;
	classes = {
	};
	objectVersion = 46;
	objects = {

/* Begin PBXBuildFile section */
		EA48FC6F1BFD8E51000EFBAB /* AppDelegate.swift in Sources */ = {isa = PBXBuildFile; fileRef = EA48FC6E1BFD8E51000EFBAB /* AppDelegate.swift */; };
		EA48FC711BFD8E51000EFBAB /* ViewController.swift in Sources */ = {isa = PBXBuildFile; fileRef = EA48FC701BFD8E51000EFBAB /* ViewController.swift */; };
		EA48FC741BFD8E51000EFBAB /* Main.storyboard in Resources */ = {isa = PBXBuildFile; fileRef = EA48FC721BFD8E51000EFBAB /* Main.storyboard */; };
		EA48FC761BFD8E52000EFBAB /* Assets.xcassets in Resources */ = {isa = PBXBuildFile; fileRef = EA48FC751BFD8E52000EFBAB /* Assets.xcassets */; };
		EA48FC791BFD8E52000EFBAB /* LaunchScreen.storyboard in Resources */ = {isa = PBXBuildFile; fileRef = EA48FC771BFD8E52000EFBAB /* LaunchScreen.storyboard */; };
		EA48FC841BFD8E52000EFBAB /* MapNavigationTests.swift in Sources */ = {isa = PBXBuildFile; fileRef = EA48FC831BFD8E52000EFBAB /* MapNavigationTests.swift */; };
		EA48FC8F1BFD8E52000EFBAB /* MapNavigationUITests.swift in Sources */ = {isa = PBXBuildFile; fileRef = EA48FC8E1BFD8E52000EFBAB /* MapNavigationUITests.swift */; };
		EA48FC9D1BFD8E67000EFBAB /* MapKit.framework in Frameworks */ = {isa = PBXBuildFile; fileRef = EA48FC9C1BFD8E67000EFBAB /* MapKit.framework */; };
		EA48FC9F1BFD8F77000EFBAB /* MapViewController.swift in Sources */ = {isa = PBXBuildFile; fileRef = EA48FC9E1BFD8F77000EFBAB /* MapViewController.swift */; };
		EA48FCA11BFD8F89000EFBAB /* RouteViewController.swift in Sources */ = {isa = PBXBuildFile; fileRef = EA48FCA01BFD8F88000EFBAB /* RouteViewController.swift */; };
		EA6491A31BFF1CE3009D7BB4 /* CoreLocation.framework in Frameworks */ = {isa = PBXBuildFile; fileRef = EA6491A21BFF1CE3009D7BB4 /* CoreLocation.framework */; };
		EA6491A51BFF1E6F009D7BB4 /* UIKit.framework in Frameworks */ = {isa = PBXBuildFile; fileRef = EA6491A41BFF1E6F009D7BB4 /* UIKit.framework */; };
/* End PBXBuildFile section */

/* Begin PBXContainerItemProxy section */
		EA48FC801BFD8E52000EFBAB /* PBXContainerItemProxy */ = {
			isa = PBXContainerItemProxy;
			containerPortal = EA48FC631BFD8E51000EFBAB /* Project object */;
			proxyType = 1;
			remoteGlobalIDString = EA48FC6A1BFD8E51000EFBAB;
			remoteInfo = MapNavigation;
		};
		EA48FC8B1BFD8E52000EFBAB /* PBXContainerItemProxy */ = {
			isa = PBXContainerItemProxy;
			containerPortal = EA48FC631BFD8E51000EFBAB /* Project object */;
			proxyType = 1;
			remoteGlobalIDString = EA48FC6A1BFD8E51000EFBAB;
			remoteInfo = MapNavigation;
		};
/* End PBXContainerItemProxy section */

/* Begin PBXFileReference section */
		EA48FC6B1BFD8E51000EFBAB /* MapNavigation.app */ = {isa = PBXFileReference; explicitFileType = wrapper.application; includeInIndex = 0; path = MapNavigation.app; sourceTree = BUILT_PRODUCTS_DIR; };
		EA48FC6E1BFD8E51000EFBAB /* AppDelegate.swift */ = {isa = PBXFileReference; lastKnownFileType = sourcecode.swift; path = AppDelegate.swift; sourceTree = "<group>"; };
		EA48FC701BFD8E51000EFBAB /* ViewController.swift */ = {isa = PBXFileReference; lastKnownFileType = sourcecode.swift; path = ViewController.swift; sourceTree = "<group>"; };
		EA48FC731BFD8E51000EFBAB /* Base */ = {isa = PBXFileReference; lastKnownFileType = file.storyboard; name = Base; path = Base.lproj/Main.storyboard; sourceTree = "<group>"; };
		EA48FC751BFD8E52000EFBAB /* Assets.xcassets */ = {isa = PBXFileReference; lastKnownFileType = folder.assetcatalog; path = Assets.xcassets; sourceTree = "<group>"; };
		EA48FC781BFD8E52000EFBAB /* Base */ = {isa = PBXFileReference; lastKnownFileType = file.storyboard; name = Base; path = Base.lproj/LaunchScreen.storyboard; sourceTree = "<group>"; };
		EA48FC7A1BFD8E52000EFBAB /* Info.plist */ = {isa = PBXFileReference; lastKnownFileType = text.plist.xml; path = Info.plist; sourceTree = "<group>"; };
		EA48FC7F1BFD8E52000EFBAB /* MapNavigationTests.xctest */ = {isa = PBXFileReference; explicitFileType = wrapper.cfbundle; includeInIndex = 0; path = MapNavigationTests.xctest; sourceTree = BUILT_PRODUCTS_DIR; };
		EA48FC831BFD8E52000EFBAB /* MapNavigationTests.swift */ = {isa = PBXFileReference; lastKnownFileType = sourcecode.swift; path = MapNavigationTests.swift; sourceTree = "<group>"; };
		EA48FC851BFD8E52000EFBAB /* Info.plist */ = {isa = PBXFileReference; lastKnownFileType = text.plist.xml; path = Info.plist; sourceTree = "<group>"; };
		EA48FC8A1BFD8E52000EFBAB /* MapNavigationUITests.xctest */ = {isa = PBXFileReference; explicitFileType = wrapper.cfbundle; includeInIndex = 0; path = MapNavigationUITests.xctest; sourceTree = BUILT_PRODUCTS_DIR; };
		EA48FC8E1BFD8E52000EFBAB /* MapNavigationUITests.swift */ = {isa = PBXFileReference; lastKnownFileType = sourcecode.swift; path = MapNavigationUITests.swift; sourceTree = "<group>"; };
		EA48FC901BFD8E52000EFBAB /* Info.plist */ = {isa = PBXFileReference; lastKnownFileType = text.plist.xml; path = Info.plist; sourceTree = "<group>"; };
		EA48FC9C1BFD8E67000EFBAB /* MapKit.framework */ = {isa = PBXFileReference; lastKnownFileType = wrapper.framework; name = MapKit.framework; path = System/Library/Frameworks/MapKit.framework; sourceTree = SDKROOT; };
		EA48FC9E1BFD8F77000EFBAB /* MapViewController.swift */ = {isa = PBXFileReference; fileEncoding = 4; lastKnownFileType = sourcecode.swift; path = MapViewController.swift; sourceTree = "<group>"; };
		EA48FCA01BFD8F88000EFBAB /* RouteViewController.swift */ = {isa = PBXFileReference; fileEncoding = 4; lastKnownFileType = sourcecode.swift; path = RouteViewController.swift; sourceTree = "<group>"; };
		EA6491A21BFF1CE3009D7BB4 /* CoreLocation.framework */ = {isa = PBXFileReference; lastKnownFileType = wrapper.framework; name = CoreLocation.framework; path = System/Library/Frameworks/CoreLocation.framework; sourceTree = SDKROOT; };
		EA6491A41BFF1E6F009D7BB4 /* UIKit.framework */ = {isa = PBXFileReference; lastKnownFileType = wrapper.framework; name = UIKit.framework; path = System/Library/Frameworks/UIKit.framework; sourceTree = SDKROOT; };
/* End PBXFileReference section */

/* Begin PBXFrameworksBuildPhase section */
		EA48FC681BFD8E51000EFBAB /* Frameworks */ = {
			isa = PBXFrameworksBuildPhase;
			buildActionMask = 2147483647;
			files = (
				EA6491A51BFF1E6F009D7BB4 /* UIKit.framework in Frameworks */,
				EA6491A31BFF1CE3009D7BB4 /* CoreLocation.framework in Frameworks */,
				EA48FC9D1BFD8E67000EFBAB /* MapKit.framework in Frameworks */,
			);
			runOnlyForDeploymentPostprocessing = 0;
		};
		EA48FC7C1BFD8E52000EFBAB /* Frameworks */ = {
			isa = PBXFrameworksBuildPhase;
			buildActionMask = 2147483647;
			files = (
			);
			runOnlyForDeploymentPostprocessing = 0;
		};
		EA48FC871BFD8E52000EFBAB /* Frameworks */ = {
			isa = PBXFrameworksBuildPhase;
			buildActionMask = 2147483647;
			files = (
			);
			runOnlyForDeploymentPostprocessing = 0;
		};
/* End PBXFrameworksBuildPhase section */

/* Begin PBXGroup section */
		EA48FC621BFD8E51000EFBAB = {
			isa = PBXGroup;
			children = (
				EA6491A41BFF1E6F009D7BB4 /* UIKit.framework */,
				EA6491A21BFF1CE3009D7BB4 /* CoreLocation.framework */,
				EA48FC9C1BFD8E67000EFBAB /* MapKit.framework */,
				EA48FC6D1BFD8E51000EFBAB /* MapNavigation */,
				EA48FC821BFD8E52000EFBAB /* MapNavigationTests */,
				EA48FC8D1BFD8E52000EFBAB /* MapNavigationUITests */,
				EA48FC6C1BFD8E51000EFBAB /* Products */,
			);
			sourceTree = "<group>";
		};
		EA48FC6C1BFD8E51000EFBAB /* Products */ = {
			isa = PBXGroup;
			children = (
				EA48FC6B1BFD8E51000EFBAB /* MapNavigation.app */,
				EA48FC7F1BFD8E52000EFBAB /* MapNavigationTests.xctest */,
				EA48FC8A1BFD8E52000EFBAB /* MapNavigationUITests.xctest */,
			);
			name = Products;
			sourceTree = "<group>";
		};
		EA48FC6D1BFD8E51000EFBAB /* MapNavigation */ = {
			isa = PBXGroup;
			children = (
				EA48FCA01BFD8F88000EFBAB /* RouteViewController.swift */,
				EA48FC9E1BFD8F77000EFBAB /* MapViewController.swift */,
				EA48FC6E1BFD8E51000EFBAB /* AppDelegate.swift */,
				EA48FC701BFD8E51000EFBAB /* ViewController.swift */,
				EA48FC721BFD8E51000EFBAB /* Main.storyboard */,
				EA48FC751BFD8E52000EFBAB /* Assets.xcassets */,
				EA48FC771BFD8E52000EFBAB /* LaunchScreen.storyboard */,
				EA48FC7A1BFD8E52000EFBAB /* Info.plist */,
			);
			path = MapNavigation;
			sourceTree = "<group>";
		};
		EA48FC821BFD8E52000EFBAB /* MapNavigationTests */ = {
			isa = PBXGroup;
			children = (
				EA48FC831BFD8E52000EFBAB /* MapNavigationTests.swift */,
				EA48FC851BFD8E52000EFBAB /* Info.plist */,
			);
			path = MapNavigationTests;
			sourceTree = "<group>";
		};
		EA48FC8D1BFD8E52000EFBAB /* MapNavigationUITests */ = {
			isa = PBXGroup;
			children = (
				EA48FC8E1BFD8E52000EFBAB /* MapNavigationUITests.swift */,
				EA48FC901BFD8E52000EFBAB /* Info.plist */,
			);
			path = MapNavigationUITests;
			sourceTree = "<group>";
		};
/* End PBXGroup section */

/* Begin PBXNativeTarget section */
		EA48FC6A1BFD8E51000EFBAB /* MapNavigation */ = {
			isa = PBXNativeTarget;
			buildConfigurationList = EA48FC931BFD8E52000EFBAB /* Build configuration list for PBXNativeTarget "MapNavigation" */;
			buildPhases = (
				EA48FC671BFD8E51000EFBAB /* Sources */,
				EA48FC681BFD8E51000EFBAB /* Frameworks */,
				EA48FC691BFD8E51000EFBAB /* Resources */,
			);
			buildRules = (
			);
			dependencies = (
			);
			name = MapNavigation;
			productName = MapNavigation;
			productReference = EA48FC6B1BFD8E51000EFBAB /* MapNavigation.app */;
			productType = "com.apple.product-type.application";
		};
		EA48FC7E1BFD8E52000EFBAB /* MapNavigationTests */ = {
			isa = PBXNativeTarget;
			buildConfigurationList = EA48FC961BFD8E52000EFBAB /* Build configuration list for PBXNativeTarget "MapNavigationTests" */;
			buildPhases = (
				EA48FC7B1BFD8E52000EFBAB /* Sources */,
				EA48FC7C1BFD8E52000EFBAB /* Frameworks */,
				EA48FC7D1BFD8E52000EFBAB /* Resources */,
			);
			buildRules = (
			);
			dependencies = (
				EA48FC811BFD8E52000EFBAB /* PBXTargetDependency */,
			);
			name = MapNavigationTests;
			productName = MapNavigationTests;
			productReference = EA48FC7F1BFD8E52000EFBAB /* MapNavigationTests.xctest */;
			productType = "com.apple.product-type.bundle.unit-test";
		};
		EA48FC891BFD8E52000EFBAB /* MapNavigationUITests */ = {
			isa = PBXNativeTarget;
			buildConfigurationList = EA48FC991BFD8E52000EFBAB /* Build configuration list for PBXNativeTarget "MapNavigationUITests" */;
			buildPhases = (
				EA48FC861BFD8E52000EFBAB /* Sources */,
				EA48FC871BFD8E52000EFBAB /* Frameworks */,
				EA48FC881BFD8E52000EFBAB /* Resources */,
			);
			buildRules = (
			);
			dependencies = (
				EA48FC8C1BFD8E52000EFBAB /* PBXTargetDependency */,
			);
			name = MapNavigationUITests;
			productName = MapNavigationUITests;
			productReference = EA48FC8A1BFD8E52000EFBAB /* MapNavigationUITests.xctest */;
			productType = "com.apple.product-type.bundle.ui-testing";
		};
/* End PBXNativeTarget section */

/* Begin PBXProject section */
		EA48FC631BFD8E51000EFBAB /* Project object */ = {
			isa = PBXProject;
			attributes = {
				LastSwiftUpdateCheck = 0710;
				LastUpgradeCheck = 0710;
				ORGANIZATIONNAME = "Sravya Dara";
				TargetAttributes = {
					EA48FC6A1BFD8E51000EFBAB = {
						CreatedOnToolsVersion = 7.1.1;
					};
					EA48FC7E1BFD8E52000EFBAB = {
						CreatedOnToolsVersion = 7.1.1;
						TestTargetID = EA48FC6A1BFD8E51000EFBAB;
					};
					EA48FC891BFD8E52000EFBAB = {
						CreatedOnToolsVersion = 7.1.1;
						TestTargetID = EA48FC6A1BFD8E51000EFBAB;
					};
				};
			};
			buildConfigurationList = EA48FC661BFD8E51000EFBAB /* Build configuration list for PBXProject "MapNavigation" */;
			compatibilityVersion = "Xcode 3.2";
			developmentRegion = English;
			hasScannedForEncodings = 0;
			knownRegions = (
				en,
				Base,
			);
			mainGroup = EA48FC621BFD8E51000EFBAB;
			productRefGroup = EA48FC6C1BFD8E51000EFBAB /* Products */;
			projectDirPath = "";
			projectRoot = "";
			targets = (
				EA48FC6A1BFD8E51000EFBAB /* MapNavigation */,
				EA48FC7E1BFD8E52000EFBAB /* MapNavigationTests */,
				EA48FC891BFD8E52000EFBAB /* MapNavigationUITests */,
			);
		};
/* End PBXProject section */

/* Begin PBXResourcesBuildPhase section */
		EA48FC691BFD8E51000EFBAB /* Resources */ = {
			isa = PBXResourcesBuildPhase;
			buildActionMask = 2147483647;
			files = (
				EA48FC791BFD8E52000EFBAB /* LaunchScreen.storyboard in Resources */,
				EA48FC761BFD8E52000EFBAB /* Assets.xcassets in Resources */,
				EA48FC741BFD8E51000EFBAB /* Main.storyboard in Resources */,
			);
			runOnlyForDeploymentPostprocessing = 0;
		};
		EA48FC7D1BFD8E52000EFBAB /* Resources */ = {
			isa = PBXResourcesBuildPhase;
			buildActionMask = 2147483647;
			files = (
			);
			runOnlyForDeploymentPostprocessing = 0;
		};
		EA48FC881BFD8E52000EFBAB /* Resources */ = {
			isa = PBXResourcesBuildPhase;
			buildActionMask = 2147483647;
			files = (
			);
			runOnlyForDeploymentPostprocessing = 0;
		};
/* End PBXResourcesBuildPhase section */

/* Begin PBXSourcesBuildPhase section */
		EA48FC671BFD8E51000EFBAB /* Sources */ = {
			isa = PBXSourcesBuildPhase;
			buildActionMask = 2147483647;
			files = (
				EA48FC711BFD8E51000EFBAB /* ViewController.swift in Sources */,
				EA48FC9F1BFD8F77000EFBAB /* MapViewController.swift in Sources */,
				EA48FCA11BFD8F89000EFBAB /* RouteViewController.swift in Sources */,
				EA48FC6F1BFD8E51000EFBAB /* AppDelegate.swift in Sources */,
			);
			runOnlyForDeploymentPostprocessing = 0;
		};
		EA48FC7B1BFD8E52000EFBAB /* Sources */ = {
			isa = PBXSourcesBuildPhase;
			buildActionMask = 2147483647;
			files = (
				EA48FC841BFD8E52000EFBAB /* MapNavigationTests.swift in Sources */,
			);
			runOnlyForDeploymentPostprocessing = 0;
		};
		EA48FC861BFD8E52000EFBAB /* Sources */ = {
			isa = PBXSourcesBuildPhase;
			buildActionMask = 2147483647;
			files = (
				EA48FC8F1BFD8E52000EFBAB /* MapNavigationUITests.swift in Sources */,
			);
			runOnlyForDeploymentPostprocessing = 0;
		};
/* End PBXSourcesBuildPhase section */

/* Begin PBXTargetDependency section */
		EA48FC811BFD8E52000EFBAB /* PBXTargetDependency */ = {
			isa = PBXTargetDependency;
			target = EA48FC6A1BFD8E51000EFBAB /* MapNavigation */;
			targetProxy = EA48FC801BFD8E52000EFBAB /* PBXContainerItemProxy */;
		};
		EA48FC8C1BFD8E52000EFBAB /* PBXTargetDependency */ = {
			isa = PBXTargetDependency;
			target = EA48FC6A1BFD8E51000EFBAB /* MapNavigation */;
			targetProxy = EA48FC8B1BFD8E52000EFBAB /* PBXContainerItemProxy */;
		};
/* End PBXTargetDependency section */

/* Begin PBXVariantGroup section */
		EA48FC721BFD8E51000EFBAB /* Main.storyboard */ = {
			isa = PBXVariantGroup;
			children = (
				EA48FC731BFD8E51000EFBAB /* Base */,
			);
			name = Main.storyboard;
			sourceTree = "<group>";
		};
		EA48FC771BFD8E52000EFBAB /* LaunchScreen.storyboard */ = {
			isa = PBXVariantGroup;
			children = (
				EA48FC781BFD8E52000EFBAB /* Base */,
			);
			name = LaunchScreen.storyboard;
			sourceTree = "<group>";
		};
/* End PBXVariantGroup section */

/* Begin XCBuildConfiguration section */
		EA48FC911BFD8E52000EFBAB /* Debug */ = {
			isa = XCBuildConfiguration;
			buildSettings = {
				ALWAYS_SEARCH_USER_PATHS = NO;
				CLANG_CXX_LANGUAGE_STANDARD = "gnu++0x";
				CLANG_CXX_LIBRARY = "libc++";
				CLANG_ENABLE_MODULES = YES;
				CLANG_ENABLE_OBJC_ARC = YES;
				CLANG_WARN_BOOL_CONVERSION = YES;
				CLANG_WARN_CONSTANT_CONVERSION = YES;
				CLANG_WARN_DIRECT_OBJC_ISA_USAGE = YES_ERROR;
				CLANG_WARN_EMPTY_BODY = YES;
				CLANG_WARN_ENUM_CONVERSION = YES;
				CLANG_WARN_INT_CONVERSION = YES;
				CLANG_WARN_OBJC_ROOT_CLASS = YES_ERROR;
				CLANG_WARN_UNREACHABLE_CODE = YES;
				CLANG_WARN__DUPLICATE_METHOD_MATCH = YES;
				"CODE_SIGN_IDENTITY[sdk=iphoneos*]" = "iPhone Developer";
				COPY_PHASE_STRIP = NO;
				DEBUG_INFORMATION_FORMAT = dwarf;
				ENABLE_STRICT_OBJC_MSGSEND = YES;
				ENABLE_TESTABILITY = YES;
				GCC_C_LANGUAGE_STANDARD = gnu99;
				GCC_DYNAMIC_NO_PIC = NO;
				GCC_NO_COMMON_BLOCKS = YES;
				GCC_OPTIMIZATION_LEVEL = 0;
				GCC_PREPROCESSOR_DEFINITIONS = (
					"DEBUG=1",
					"$(inherited)",
				);
				GCC_WARN_64_TO_32_BIT_CONVERSION = YES;
				GCC_WARN_ABOUT_RETURN_TYPE = YES_ERROR;
				GCC_WARN_UNDECLARED_SELECTOR = YES;
				GCC_WARN_UNINITIALIZED_AUTOS = YES_AGGRESSIVE;
				GCC_WARN_UNUSED_FUNCTION = YES;
				GCC_WARN_UNUSED_VARIABLE = YES;
				IPHONEOS_DEPLOYMENT_TARGET = 9.1;
				MTL_ENABLE_DEBUG_INFO = YES;
				ONLY_ACTIVE_ARCH = YES;
				SDKROOT = iphoneos;
				SWIFT_OPTIMIZATION_LEVEL = "-Onone";
			};
			name = Debug;
		};
		EA48FC921BFD8E52000EFBAB /* Release */ = {
			isa = XCBuildConfiguration;
			buildSettings = {
				ALWAYS_SEARCH_USER_PATHS = NO;
				CLANG_CXX_LANGUAGE_STANDARD = "gnu++0x";
				CLANG_CXX_LIBRARY = "libc++";
				CLANG_ENABLE_MODULES = YES;
				CLANG_ENABLE_OBJC_ARC = YES;
				CLANG_WARN_BOOL_CONVERSION = YES;
				CLANG_WARN_CONSTANT_CONVERSION = YES;
				CLANG_WARN_DIRECT_OBJC_ISA_USAGE = YES_ERROR;
				CLANG_WARN_EMPTY_BODY = YES;
				CLANG_WARN_ENUM_CONVERSION = YES;
				CLANG_WARN_INT_CONVERSION = YES;
				CLANG_WARN_OBJC_ROOT_CLASS = YES_ERROR;
				CLANG_WARN_UNREACHABLE_CODE = YES;
				CLANG_WARN__DUPLICATE_METHOD_MATCH = YES;
				"CODE_SIGN_IDENTITY[sdk=iphoneos*]" = "iPhone Developer";
				COPY_PHASE_STRIP = NO;
				DEBUG_INFORMATION_FORMAT = "dwarf-with-dsym";
				ENABLE_NS_ASSERTIONS = NO;
				ENABLE_STRICT_OBJC_MSGSEND = YES;
				GCC_C_LANGUAGE_STANDARD = gnu99;
				GCC_NO_COMMON_BLOCKS = YES;
				GCC_WARN_64_TO_32_BIT_CONVERSION = YES;
				GCC_WARN_ABOUT_RETURN_TYPE = YES_ERROR;
				GCC_WARN_UNDECLARED_SELECTOR = YES;
				GCC_WARN_UNINITIALIZED_AUTOS = YES_AGGRESSIVE;
				GCC_WARN_UNUSED_FUNCTION = YES;
				GCC_WARN_UNUSED_VARIABLE = YES;
				IPHONEOS_DEPLOYMENT_TARGET = 9.1;
				MTL_ENABLE_DEBUG_INFO = NO;
				SDKROOT = iphoneos;
				VALIDATE_PRODUCT = YES;
			};
			name = Release;
		};
		EA48FC941BFD8E52000EFBAB /* Debug */ = {
			isa = XCBuildConfiguration;
			buildSettings = {
				ASSETCATALOG_COMPILER_APPICON_NAME = AppIcon;
				INFOPLIST_FILE = MapNavigation/Info.plist;
				LD_RUNPATH_SEARCH_PATHS = "$(inherited) @executable_path/Frameworks";
				PRODUCT_BUNDLE_IDENTIFIER = com.gkfm.MapNavigation;
				PRODUCT_NAME = "$(TARGET_NAME)";
			};
			name = Debug;
		};
		EA48FC951BFD8E52000EFBAB /* Release */ = {
			isa = XCBuildConfiguration;
			buildSettings = {
				ASSETCATALOG_COMPILER_APPICON_NAME = AppIcon;
				INFOPLIST_FILE = MapNavigation/Info.plist;
				LD_RUNPATH_SEARCH_PATHS = "$(inherited) @executable_path/Frameworks";
				PRODUCT_BUNDLE_IDENTIFIER = com.gkfm.MapNavigation;
				PRODUCT_NAME = "$(TARGET_NAME)";
			};
			name = Release;
		};
		EA48FC971BFD8E52000EFBAB /* Debug */ = {
			isa = XCBuildConfiguration;
			buildSettings = {
				BUNDLE_LOADER = "$(TEST_HOST)";
				INFOPLIST_FILE = MapNavigationTests/Info.plist;
				LD_RUNPATH_SEARCH_PATHS = "$(inherited) @executable_path/Frameworks @loader_path/Frameworks";
				PRODUCT_BUNDLE_IDENTIFIER = com.gkfm.MapNavigationTests;
				PRODUCT_NAME = "$(TARGET_NAME)";
				TEST_HOST = "$(BUILT_PRODUCTS_DIR)/MapNavigation.app/MapNavigation";
			};
			name = Debug;
		};
		EA48FC981BFD8E52000EFBAB /* Release */ = {
			isa = XCBuildConfiguration;
			buildSettings = {
				BUNDLE_LOADER = "$(TEST_HOST)";
				INFOPLIST_FILE = MapNavigationTests/Info.plist;
				LD_RUNPATH_SEARCH_PATHS = "$(inherited) @executable_path/Frameworks @loader_path/Frameworks";
				PRODUCT_BUNDLE_IDENTIFIER = com.gkfm.MapNavigationTests;
				PRODUCT_NAME = "$(TARGET_NAME)";
				TEST_HOST = "$(BUILT_PRODUCTS_DIR)/MapNavigation.app/MapNavigation";
			};
			name = Release;
		};
		EA48FC9A1BFD8E52000EFBAB /* Debug */ = {
			isa = XCBuildConfiguration;
			buildSettings = {
				INFOPLIST_FILE = MapNavigationUITests/Info.plist;
				LD_RUNPATH_SEARCH_PATHS = "$(inherited) @executable_path/Frameworks @loader_path/Frameworks";
				PRODUCT_BUNDLE_IDENTIFIER = com.gkfm.MapNavigationUITests;
				PRODUCT_NAME = "$(TARGET_NAME)";
				TEST_TARGET_NAME = MapNavigation;
				USES_XCTRUNNER = YES;
			};
			name = Debug;
		};
		EA48FC9B1BFD8E52000EFBAB /* Release */ = {
			isa = XCBuildConfiguration;
			buildSettings = {
				INFOPLIST_FILE = MapNavigationUITests/Info.plist;
				LD_RUNPATH_SEARCH_PATHS = "$(inherited) @executable_path/Frameworks @loader_path/Frameworks";
				PRODUCT_BUNDLE_IDENTIFIER = com.gkfm.MapNavigationUITests;
				PRODUCT_NAME = "$(TARGET_NAME)";
				TEST_TARGET_NAME = MapNavigation;
				USES_XCTRUNNER = YES;
			};
			name = Release;
		};
/* End XCBuildConfiguration section */

/* Begin XCConfigurationList section */
		EA48FC661BFD8E51000EFBAB /* Build configuration list for PBXProject "MapNavigation" */ = {
			isa = XCConfigurationList;
			buildConfigurations = (
				EA48FC911BFD8E52000EFBAB /* Debug */,
				EA48FC921BFD8E52000EFBAB /* Release */,
			);
			defaultConfigurationIsVisible = 0;
			defaultConfigurationName = Release;
		};
		EA48FC931BFD8E52000EFBAB /* Build configuration list for PBXNativeTarget "MapNavigation" */ = {
			isa = XCConfigurationList;
			buildConfigurations = (
				EA48FC941BFD8E52000EFBAB /* Debug */,
				EA48FC951BFD8E52000EFBAB /* Release */,
			);
			defaultConfigurationIsVisible = 0;
			defaultConfigurationName = Release;
		};
		EA48FC961BFD8E52000EFBAB /* Build configuration list for PBXNativeTarget "MapNavigationTests" */ = {
			isa = XCConfigurationList;
			buildConfigurations = (
				EA48FC971BFD8E52000EFBAB /* Debug */,
				EA48FC981BFD8E52000EFBAB /* Release */,
			);
			defaultConfigurationIsVisible = 0;
			defaultConfigurationName = Release;
		};
		EA48FC991BFD8E52000EFBAB /* Build configuration list for PBXNativeTarget "MapNavigationUITests" */ = {
			isa = XCConfigurationList;
			buildConfigurations = (
				EA48FC9A1BFD8E52000EFBAB /* Debug */,
				EA48FC9B1BFD8E52000EFBAB /* Release */,
			);
			defaultConfigurationIsVisible = 0;
			defaultConfigurationName = Release;
		};
/* End XCConfigurationList section */
	};
	rootObject = EA48FC631BFD8E51000EFBAB /* Project object */;
}
